{
    "_meta": {
        "hash": {
            "sha256": "fe4e61ec0b1fe2e57b298bd6256443cc661967a36b1ba9a86df2da3385a86974"
        },
        "host-environment-markers": {
            "implementation_name": "cpython",
            "implementation_version": "3.6.3",
            "os_name": "posix",
            "platform_machine": "x86_64",
            "platform_python_implementation": "CPython",
            "platform_release": "4.13.0-46-generic",
            "platform_system": "Linux",
            "platform_version": "#51-Ubuntu SMP Tue Jun 12 12:36:29 UTC 2018",
            "python_full_version": "3.6.3",
            "python_version": "3.6",
            "sys_platform": "linux"
        },
        "pipfile-spec": 6,
        "requires": {
            "python_version": "3.6"
        },
        "sources": [
            {
                "name": "pypi",
                "url": "https://pypi.python.org/simple",
                "verify_ssl": true
            }
        ]
    },
    "default": {
        "exifread": {
            "hashes": [
                "sha256:4aa9d227db5c4cd65d87520076140a6f84e33363e08e649b87c7afec6bab60ab",
                "sha256:79e244f2eb466709029e8806fe5e2cdd557870c3db5f68954db0ef548d9320ad"
            ],
            "version": "==2.1.2"
        },
        "pymediainfo": {
            "hashes": [
                "sha256:9d084c8ac670b23bf9603ceea3733e51fad97d270423b00cf13532c57cef15b4"
            ],
            "version": "==2.3.0"
        }
    },
    "develop": {}
}
